
Microsoft Visual Studio Solution File, Format Version 12.00
# Visual Studio 14
VisualStudioVersion = 14.0.25420.1
MinimumVisualStudioVersion = 10.0.40219.1
Project("{FAE04EC0-301F-11D3-BF4B-00C04F79EFBC}") = "BikOtomasyon", "BikBot\BikOtomasyon.csproj", "{5BFA4D3B-25F7-4C78-B3EE-12737F86866E}"
EndProject
Global
	GlobalSection(SolutionConfigurationPlatforms) = preSolution
		Debug|Any CPU = Debug|Any CPU
		Debug|Default = Debug|Default
		Release|Any CPU = Release|Any CPU
		Release|Default = Release|Default
	EndGlobalSection
	GlobalSection(ProjectConfigurationPlatforms) = postSolution
		{5BFA4D3B-25F7-4C78-B3EE-12737F86866E}.Debug|Any CPU.ActiveCfg = Debug|Any CPU
		{5BFA4D3B-25F7-4C78-B3EE-12737F86866E}.Debug|Any CPU.Build.0 = Debug|Any CPU
		{5BFA4D3B-25F7-4C78-B3EE-12737F86866E}.Debug|Default.ActiveCfg = Debug|Any CPU
		{5BFA4D3B-25F7-4C78-B3EE-12737F86866E}.Debug|Default.Build.0 = Debug|Any CPU
		{5BFA4D3B-25F7-4C78-B3EE-12737F86866E}.Release|Any CPU.ActiveCfg = Release|Any CPU
		{5BFA4D3B-25F7-4C78-B3EE-12737F86866E}.Release|Any CPU.Build.0 = Release|Any CPU
		{5BFA4D3B-25F7-4C78-B3EE-12737F86866E}.Release|Default.ActiveCfg = Release|Any CPU
		{5BFA4D3B-25F7-4C78-B3EE-12737F86866E}.Release|Default.Build.0 = Release|Any CPU
	EndGlobalSection
	GlobalSection(SolutionProperties) = preSolution
		HideSolutionNode = FALSE
	EndGlobalSection
	GlobalSection(SolutionConfigurationPlatforms) = preSolution
		Debug|Any CPU = Debug|Any CPU
		Debug|Default = Debug|Default
		Release|Any CPU = Release|Any CPU
		Release|Default = Release|Default
	EndGlobalSection
	GlobalSection(SolutionConfigurationPlatforms) = preSolution
		Debug|Any CPU = Debug|Any CPU
		Debug|Default = Debug|Default
		Release|Any CPU = Release|Any CPU
		Release|Default = Release|Default
	EndGlobalSection
EndGlobal
